
Microsoft Visual Studio Solution File, Format Version 12.00
# Visual Studio 15
VisualStudioVersion = 15.0.27130.2010
MinimumVisualStudioVersion = 10.0.40219.1
Project("{FAE04EC0-301F-11D3-BF4B-00C04F79EFBC}") = "Cobra11", "Cobra11\Cobra11.csproj", "{4AA2FFA2-73A6-4966-A976-B456D8BF2338}"
EndProject
Project("{E53339B2-1760-4266-BCC7-CA923CBCF16C}") = "docker-compose", "docker-compose.dcproj", "{F035AB94-0CB3-4F6B-BBEC-D80F8DA53E41}"
EndProject
Global
	GlobalSection(SolutionConfigurationPlatforms) = preSolution
		Debug|Any CPU = Debug|Any CPU
		Release|Any CPU = Release|Any CPU
	EndGlobalSection
	GlobalSection(ProjectConfigurationPlatforms) = postSolution
		{4AA2FFA2-73A6-4966-A976-B456D8BF2338}.Debug|Any CPU.ActiveCfg = Debug|Any CPU
		{4AA2FFA2-73A6-4966-A976-B456D8BF2338}.Debug|Any CPU.Build.0 = Debug|Any CPU
		{4AA2FFA2-73A6-4966-A976-B456D8BF2338}.Release|Any CPU.ActiveCfg = Release|Any CPU
		{4AA2FFA2-73A6-4966-A976-B456D8BF2338}.Release|Any CPU.Build.0 = Release|Any CPU
		{F035AB94-0CB3-4F6B-BBEC-D80F8DA53E41}.Debug|Any CPU.ActiveCfg = Debug|Any CPU
		{F035AB94-0CB3-4F6B-BBEC-D80F8DA53E41}.Debug|Any CPU.Build.0 = Debug|Any CPU
		{F035AB94-0CB3-4F6B-BBEC-D80F8DA53E41}.Release|Any CPU.ActiveCfg = Release|Any CPU
		{F035AB94-0CB3-4F6B-BBEC-D80F8DA53E41}.Release|Any CPU.Build.0 = Release|Any CPU
	EndGlobalSection
	GlobalSection(SolutionProperties) = preSolution
		HideSolutionNode = FALSE
	EndGlobalSection
	GlobalSection(ExtensibilityGlobals) = postSolution
		SolutionGuid = {D5B6F58E-13C3-486D-9EDA-1A4A7D1F0670}
	EndGlobalSection
EndGlobal
